
Microsoft Visual Studio Solution File, Format Version 11.00
# Visual Studio 2010
Project("{8BC9CEB8-8B4A-11D0-8D11-00A0C91BC942}") = "Labs11", "Labs11\Labs11.vcxproj", "{E4C0BA68-7BFB-45E4-A48C-7CBBBF822865}"
EndProject
Global
	GlobalSection(SolutionConfigurationPlatforms) = preSolution
		Debug|Win32 = Debug|Win32
		Release|Win32 = Release|Win32
	EndGlobalSection
	GlobalSection(ProjectConfigurationPlatforms) = postSolution
		{E4C0BA68-7BFB-45E4-A48C-7CBBBF822865}.Debug|Win32.ActiveCfg = Debug|Win32
		{E4C0BA68-7BFB-45E4-A48C-7CBBBF822865}.Debug|Win32.Build.0 = Debug|Win32
		{E4C0BA68-7BFB-45E4-A48C-7CBBBF822865}.Release|Win32.ActiveCfg = Release|Win32
		{E4C0BA68-7BFB-45E4-A48C-7CBBBF822865}.Release|Win32.Build.0 = Release|Win32
	EndGlobalSection
	GlobalSection(SolutionProperties) = preSolution
		HideSolutionNode = FALSE
	EndGlobalSection
EndGlobal
